
Microsoft Visual Studio Solution File, Format Version 12.00
# Visual Studio Version 17
VisualStudioVersion = 17.2.32630.192
MinimumVisualStudioVersion = 10.0.40219.1
Project("{9A19103F-16F7-4668-BE54-9A1E7A4F7556}") = "BKTrans", "BKTrans\BKTrans.csproj", "{9C58088B-64B4-42AF-9F8C-4A647D3F6C10}"
EndProject
Project("{9A19103F-16F7-4668-BE54-9A1E7A4F7556}") = "BKAssembly", "BKAssembly\BKAssembly.csproj", "{11549DFB-48C9-435B-A028-ED2A3E0D16AC}"
EndProject
Project("{FAE04EC0-301F-11D3-BF4B-00C04F79EFBC}") = "ShareX.HelpersLib", "ShareX.HelpersLib\ShareX.HelpersLib.csproj", "{327750E1-9FB7-4CC3-8AEA-9BC42180CAD3}"
EndProject
Project("{FAE04EC0-301F-11D3-BF4B-00C04F79EFBC}") = "ShareX.ImageEffectsLib", "ShareX.ImageEffectsLib\ShareX.ImageEffectsLib.csproj", "{D13441B6-96E1-4D1B-8A95-58A7D6CB1E24}"
EndProject
Project("{FAE04EC0-301F-11D3-BF4B-00C04F79EFBC}") = "ShareX.ScreenCaptureLib", "ShareX.ScreenCaptureLib\ShareX.ScreenCaptureLib.csproj", "{DBDB0DAA-B3AE-4CC4-A8C2-20550B7F32E3}"
EndProject
Project("{FAE04EC0-301F-11D3-BF4B-00C04F79EFBC}") = "ShareX.MediaLib", "ShareX.MediaLib\ShareX.MediaLib.csproj", "{1A190E53-1419-4CC2-B0E5-3BC7EA861C8B}"
EndProject
Global
	GlobalSection(SolutionConfigurationPlatforms) = preSolution
		Debug|Any CPU = Debug|Any CPU
		Debug|x64 = Debug|x64
		Debug|x86 = Debug|x86
		MicrosoftStore|Any CPU = MicrosoftStore|Any CPU
		MicrosoftStore|x64 = MicrosoftStore|x64
		MicrosoftStore|x86 = MicrosoftStore|x86
		MicrosoftStoreDebug|Any CPU = MicrosoftStoreDebug|Any CPU
		MicrosoftStoreDebug|x64 = MicrosoftStoreDebug|x64
		MicrosoftStoreDebug|x86 = MicrosoftStoreDebug|x86
		Release|Any CPU = Release|Any CPU
		Release|x64 = Release|x64
		Release|x86 = Release|x86
		Steam|Any CPU = Steam|Any CPU
		Steam|x64 = Steam|x64
		Steam|x86 = Steam|x86
	EndGlobalSection
	GlobalSection(ProjectConfigurationPlatforms) = postSolution
		{9C58088B-64B4-42AF-9F8C-4A647D3F6C10}.Debug|Any CPU.ActiveCfg = Debug|x64
		{9C58088B-64B4-42AF-9F8C-4A647D3F6C10}.Debug|Any CPU.Build.0 = Debug|x64
		{9C58088B-64B4-42AF-9F8C-4A647D3F6C10}.Debug|x64.ActiveCfg = Debug|x64
		{9C58088B-64B4-42AF-9F8C-4A647D3F6C10}.Debug|x64.Build.0 = Debug|x64
		{9C58088B-64B4-42AF-9F8C-4A647D3F6C10}.Debug|x86.ActiveCfg = Debug|x86
		{9C58088B-64B4-42AF-9F8C-4A647D3F6C10}.Debug|x86.Build.0 = Debug|x86
		{9C58088B-64B4-42AF-9F8C-4A647D3F6C10}.MicrosoftStore|Any CPU.ActiveCfg = Release|x64
		{9C58088B-64B4-42AF-9F8C-4A647D3F6C10}.MicrosoftStore|Any CPU.Build.0 = Release|x64
		{9C58088B-64B4-42AF-9F8C-4A647D3F6C10}.MicrosoftStore|x64.ActiveCfg = Release|x64
		{9C58088B-64B4-42AF-9F8C-4A647D3F6C10}.MicrosoftStore|x64.Build.0 = Release|x64
		{9C58088B-64B4-42AF-9F8C-4A647D3F6C10}.MicrosoftStore|x86.ActiveCfg = Release|x86
		{9C58088B-64B4-42AF-9F8C-4A647D3F6C10}.MicrosoftStore|x86.Build.0 = Release|x86
		{9C58088B-64B4-42AF-9F8C-4A647D3F6C10}.MicrosoftStoreDebug|Any CPU.ActiveCfg = Debug|x64
		{9C58088B-64B4-42AF-9F8C-4A647D3F6C10}.MicrosoftStoreDebug|Any CPU.Build.0 = Debug|x64
		{9C58088B-64B4-42AF-9F8C-4A647D3F6C10}.MicrosoftStoreDebug|x64.ActiveCfg = Debug|x64
		{9C58088B-64B4-42AF-9F8C-4A647D3F6C10}.MicrosoftStoreDebug|x64.Build.0 = Debug|x64
		{9C58088B-64B4-42AF-9F8C-4A647D3F6C10}.MicrosoftStoreDebug|x86.ActiveCfg = Debug|x86
		{9C58088B-64B4-42AF-9F8C-4A647D3F6C10}.MicrosoftStoreDebug|x86.Build.0 = Debug|x86
		{9C58088B-64B4-42AF-9F8C-4A647D3F6C10}.Release|Any CPU.ActiveCfg = Release|x64
		{9C58088B-64B4-42AF-9F8C-4A647D3F6C10}.Release|Any CPU.Build.0 = Release|x64
		{9C58088B-64B4-42AF-9F8C-4A647D3F6C10}.Release|x64.ActiveCfg = Release|x64
		{9C58088B-64B4-42AF-9F8C-4A647D3F6C10}.Release|x64.Build.0 = Release|x64
		{9C58088B-64B4-42AF-9F8C-4A647D3F6C10}.Release|x86.ActiveCfg = Release|x86
		{9C58088B-64B4-42AF-9F8C-4A647D3F6C10}.Release|x86.Build.0 = Release|x86
		{9C58088B-64B4-42AF-9F8C-4A647D3F6C10}.Steam|Any CPU.ActiveCfg = Release|x64
		{9C58088B-64B4-42AF-9F8C-4A647D3F6C10}.Steam|Any CPU.Build.0 = Release|x64
		{9C58088B-64B4-42AF-9F8C-4A647D3F6C10}.Steam|x64.ActiveCfg = Release|x64
		{9C58088B-64B4-42AF-9F8C-4A647D3F6C10}.Steam|x64.Build.0 = Release|x64
		{9C58088B-64B4-42AF-9F8C-4A647D3F6C10}.Steam|x86.ActiveCfg = Release|x86
		{9C58088B-64B4-42AF-9F8C-4A647D3F6C10}.Steam|x86.Build.0 = Release|x86
		{11549DFB-48C9-435B-A028-ED2A3E0D16AC}.Debug|Any CPU.ActiveCfg = Debug|x64
		{11549DFB-48C9-435B-A028-ED2A3E0D16AC}.Debug|Any CPU.Build.0 = Debug|x64
		{11549DFB-48C9-435B-A028-ED2A3E0D16AC}.Debug|x64.ActiveCfg = Debug|x64
		{11549DFB-48C9-435B-A028-ED2A3E0D16AC}.Debug|x64.Build.0 = Debug|x64
		{11549DFB-48C9-435B-A028-ED2A3E0D16AC}.Debug|x86.ActiveCfg = Debug|x86
		{11549DFB-48C9-435B-A028-ED2A3E0D16AC}.Debug|x86.Build.0 = Debug|x86
		{11549DFB-48C9-435B-A028-ED2A3E0D16AC}.MicrosoftStore|Any CPU.ActiveCfg = Release|x64
		{11549DFB-48C9-435B-A028-ED2A3E0D16AC}.MicrosoftStore|Any CPU.Build.0 = Release|x64
		{11549DFB-48C9-435B-A028-ED2A3E0D16AC}.MicrosoftStore|x64.ActiveCfg = Release|x64
		{11549DFB-48C9-435B-A028-ED2A3E0D16AC}.MicrosoftStore|x64.Build.0 = Release|x64
		{11549DFB-48C9-435B-A028-ED2A3E0D16AC}.MicrosoftStore|x86.ActiveCfg = Release|x86
		{11549DFB-48C9-435B-A028-ED2A3E0D16AC}.MicrosoftStore|x86.Build.0 = Release|x86
		{11549DFB-48C9-435B-A028-ED2A3E0D16AC}.MicrosoftStoreDebug|Any CPU.ActiveCfg = Debug|x64
		{11549DFB-48C9-435B-A028-ED2A3E0D16AC}.MicrosoftStoreDebug|Any CPU.Build.0 = Debug|x64
		{11549DFB-48C9-435B-A028-ED2A3E0D16AC}.MicrosoftStoreDebug|x64.ActiveCfg = Debug|x64
		{11549DFB-48C9-435B-A028-ED2A3E0D16AC}.MicrosoftStoreDebug|x64.Build.0 = Debug|x64
		{11549DFB-48C9-435B-A028-ED2A3E0D16AC}.MicrosoftStoreDebug|x86.ActiveCfg = Debug|x86
		{11549DFB-48C9-435B-A028-ED2A3E0D16AC}.MicrosoftStoreDebug|x86.Build.0 = Debug|x86
		{11549DFB-48C9-435B-A028-ED2A3E0D16AC}.Release|Any CPU.ActiveCfg = Release|x64
		{11549DFB-48C9-435B-A028-ED2A3E0D16AC}.Release|Any CPU.Build.0 = Release|x64
		{11549DFB-48C9-435B-A028-ED2A3E0D16AC}.Release|x64.ActiveCfg = Release|x64
		{11549DFB-48C9-435B-A028-ED2A3E0D16AC}.Release|x64.Build.0 = Release|x64
		{11549DFB-48C9-435B-A028-ED2A3E0D16AC}.Release|x86.ActiveCfg = Release|x86
		{11549DFB-48C9-435B-A028-ED2A3E0D16AC}.Release|x86.Build.0 = Release|x86
		{11549DFB-48C9-435B-A028-ED2A3E0D16AC}.Steam|Any CPU.ActiveCfg = Release|x64
		{11549DFB-48C9-435B-A028-ED2A3E0D16AC}.Steam|Any CPU.Build.0 = Release|x64
		{11549DFB-48C9-435B-A028-ED2A3E0D16AC}.Steam|x64.ActiveCfg = Release|x64
		{11549DFB-48C9-435B-A028-ED2A3E0D16AC}.Steam|x64.Build.0 = Release|x64
		{11549DFB-48C9-435B-A028-ED2A3E0D16AC}.Steam|x86.ActiveCfg = Release|x86
		{11549DFB-48C9-435B-A028-ED2A3E0D16AC}.Steam|x86.Build.0 = Release|x86
		{327750E1-9FB7-4CC3-8AEA-9BC42180CAD3}.Debug|Any CPU.ActiveCfg = Debug|Any CPU
		{327750E1-9FB7-4CC3-8AEA-9BC42180CAD3}.Debug|Any CPU.Build.0 = Debug|Any CPU
		{327750E1-9FB7-4CC3-8AEA-9BC42180CAD3}.Debug|x64.ActiveCfg = Debug|Any CPU
		{327750E1-9FB7-4CC3-8AEA-9BC42180CAD3}.Debug|x64.Build.0 = Debug|Any CPU
		{327750E1-9FB7-4CC3-8AEA-9BC42180CAD3}.Debug|x86.ActiveCfg = Debug|Any CPU
		{327750E1-9FB7-4CC3-8AEA-9BC42180CAD3}.Debug|x86.Build.0 = Debug|Any CPU
		{327750E1-9FB7-4CC3-8AEA-9BC42180CAD3}.MicrosoftStore|Any CPU.ActiveCfg = MicrosoftStore|Any CPU
		{327750E1-9FB7-4CC3-8AEA-9BC42180CAD3}.MicrosoftStore|Any CPU.Build.0 = MicrosoftStore|Any CPU
		{327750E1-9FB7-4CC3-8AEA-9BC42180CAD3}.MicrosoftStore|x64.ActiveCfg = MicrosoftStore|Any CPU
		{327750E1-9FB7-4CC3-8AEA-9BC42180CAD3}.MicrosoftStore|x64.Build.0 = MicrosoftStore|Any CPU
		{327750E1-9FB7-4CC3-8AEA-9BC42180CAD3}.MicrosoftStore|x86.ActiveCfg = MicrosoftStore|Any CPU
		{327750E1-9FB7-4CC3-8AEA-9BC42180CAD3}.MicrosoftStore|x86.Build.0 = MicrosoftStore|Any CPU
		{327750E1-9FB7-4CC3-8AEA-9BC42180CAD3}.MicrosoftStoreDebug|Any CPU.ActiveCfg = MicrosoftStoreDebug|Any CPU
		{327750E1-9FB7-4CC3-8AEA-9BC42180CAD3}.MicrosoftStoreDebug|Any CPU.Build.0 = MicrosoftStoreDebug|Any CPU
		{327750E1-9FB7-4CC3-8AEA-9BC42180CAD3}.MicrosoftStoreDebug|x64.ActiveCfg = MicrosoftStoreDebug|Any CPU
		{327750E1-9FB7-4CC3-8AEA-9BC42180CAD3}.MicrosoftStoreDebug|x64.Build.0 = MicrosoftStoreDebug|Any CPU
		{327750E1-9FB7-4CC3-8AEA-9BC42180CAD3}.MicrosoftStoreDebug|x86.ActiveCfg = MicrosoftStoreDebug|Any CPU
		{327750E1-9FB7-4CC3-8AEA-9BC42180CAD3}.MicrosoftStoreDebug|x86.Build.0 = MicrosoftStoreDebug|Any CPU
		{327750E1-9FB7-4CC3-8AEA-9BC42180CAD3}.Release|Any CPU.ActiveCfg = Release|Any CPU
		{327750E1-9FB7-4CC3-8AEA-9BC42180CAD3}.Release|Any CPU.Build.0 = Release|Any CPU
		{327750E1-9FB7-4CC3-8AEA-9BC42180CAD3}.Release|x64.ActiveCfg = Release|Any CPU
		{327750E1-9FB7-4CC3-8AEA-9BC42180CAD3}.Release|x64.Build.0 = Release|Any CPU
		{327750E1-9FB7-4CC3-8AEA-9BC42180CAD3}.Release|x86.ActiveCfg = Release|Any CPU
		{327750E1-9FB7-4CC3-8AEA-9BC42180CAD3}.Release|x86.Build.0 = Release|Any CPU
		{327750E1-9FB7-4CC3-8AEA-9BC42180CAD3}.Steam|Any CPU.ActiveCfg = Steam|Any CPU
		{327750E1-9FB7-4CC3-8AEA-9BC42180CAD3}.Steam|Any CPU.Build.0 = Steam|Any CPU
		{327750E1-9FB7-4CC3-8AEA-9BC42180CAD3}.Steam|x64.ActiveCfg = Steam|Any CPU
		{327750E1-9FB7-4CC3-8AEA-9BC42180CAD3}.Steam|x64.Build.0 = Steam|Any CPU
		{327750E1-9FB7-4CC3-8AEA-9BC42180CAD3}.Steam|x86.ActiveCfg = Steam|Any CPU
		{327750E1-9FB7-4CC3-8AEA-9BC42180CAD3}.Steam|x86.Build.0 = Steam|Any CPU
		{D13441B6-96E1-4D1B-8A95-58A7D6CB1E24}.Debug|Any CPU.ActiveCfg = Debug|Any CPU
		{D13441B6-96E1-4D1B-8A95-58A7D6CB1E24}.Debug|Any CPU.Build.0 = Debug|Any CPU
		{D13441B6-96E1-4D1B-8A95-58A7D6CB1E24}.Debug|x64.ActiveCfg = Debug|Any CPU
		{D13441B6-96E1-4D1B-8A95-58A7D6CB1E24}.Debug|x64.Build.0 = Debug|Any CPU
		{D13441B6-96E1-4D1B-8A95-58A7D6CB1E24}.Debug|x86.ActiveCfg = Debug|Any CPU
		{D13441B6-96E1-4D1B-8A95-58A7D6CB1E24}.Debug|x86.Build.0 = Debug|Any CPU
		{D13441B6-96E1-4D1B-8A95-58A7D6CB1E24}.MicrosoftStore|Any CPU.ActiveCfg = MicrosoftStore|Any CPU
		{D13441B6-96E1-4D1B-8A95-58A7D6CB1E24}.MicrosoftStore|Any CPU.Build.0 = MicrosoftStore|Any CPU
		{D13441B6-96E1-4D1B-8A95-58A7D6CB1E24}.MicrosoftStore|x64.ActiveCfg = MicrosoftStore|Any CPU
		{D13441B6-96E1-4D1B-8A95-58A7D6CB1E24}.MicrosoftStore|x64.Build.0 = MicrosoftStore|Any CPU
		{D13441B6-96E1-4D1B-8A95-58A7D6CB1E24}.MicrosoftStore|x86.ActiveCfg = MicrosoftStore|Any CPU
		{D13441B6-96E1-4D1B-8A95-58A7D6CB1E24}.MicrosoftStore|x86.Build.0 = MicrosoftStore|Any CPU
		{D13441B6-96E1-4D1B-8A95-58A7D6CB1E24}.MicrosoftStoreDebug|Any CPU.ActiveCfg = MicrosoftStoreDebug|Any CPU
		{D13441B6-96E1-4D1B-8A95-58A7D6CB1E24}.MicrosoftStoreDebug|Any CPU.Build.0 = MicrosoftStoreDebug|Any CPU
		{D13441B6-96E1-4D1B-8A95-58A7D6CB1E24}.MicrosoftStoreDebug|x64.ActiveCfg = MicrosoftStoreDebug|Any CPU
		{D13441B6-96E1-4D1B-8A95-58A7D6CB1E24}.MicrosoftStoreDebug|x64.Build.0 = MicrosoftStoreDebug|Any CPU
		{D13441B6-96E1-4D1B-8A95-58A7D6CB1E24}.MicrosoftStoreDebug|x86.ActiveCfg = MicrosoftStoreDebug|Any CPU
		{D13441B6-96E1-4D1B-8A95-58A7D6CB1E24}.MicrosoftStoreDebug|x86.Build.0 = MicrosoftStoreDebug|Any CPU
		{D13441B6-96E1-4D1B-8A95-58A7D6CB1E24}.Release|Any CPU.ActiveCfg = Release|Any CPU
		{D13441B6-96E1-4D1B-8A95-58A7D6CB1E24}.Release|Any CPU.Build.0 = Release|Any CPU
		{D13441B6-96E1-4D1B-8A95-58A7D6CB1E24}.Release|x64.ActiveCfg = Release|Any CPU
		{D13441B6-96E1-4D1B-8A95-58A7D6CB1E24}.Release|x64.Build.0 = Release|Any CPU
		{D13441B6-96E1-4D1B-8A95-58A7D6CB1E24}.Release|x86.ActiveCfg = Release|Any CPU
		{D13441B6-96E1-4D1B-8A95-58A7D6CB1E24}.Release|x86.Build.0 = Release|Any CPU
		{D13441B6-96E1-4D1B-8A95-58A7D6CB1E24}.Steam|Any CPU.ActiveCfg = Steam|Any CPU
		{D13441B6-96E1-4D1B-8A95-58A7D6CB1E24}.Steam|Any CPU.Build.0 = Steam|Any CPU
		{D13441B6-96E1-4D1B-8A95-58A7D6CB1E24}.Steam|x64.ActiveCfg = Steam|Any CPU
		{D13441B6-96E1-4D1B-8A95-58A7D6CB1E24}.Steam|x64.Build.0 = Steam|Any CPU
		{D13441B6-96E1-4D1B-8A95-58A7D6CB1E24}.Steam|x86.ActiveCfg = Steam|Any CPU
		{D13441B6-96E1-4D1B-8A95-58A7D6CB1E24}.Steam|x86.Build.0 = Steam|Any CPU
		{DBDB0DAA-B3AE-4CC4-A8C2-20550B7F32E3}.Debug|Any CPU.ActiveCfg = Debug|Any CPU
		{DBDB0DAA-B3AE-4CC4-A8C2-20550B7F32E3}.Debug|Any CPU.Build.0 = Debug|Any CPU
		{DBDB0DAA-B3AE-4CC4-A8C2-20550B7F32E3}.Debug|x64.ActiveCfg = Debug|Any CPU
		{DBDB0DAA-B3AE-4CC4-A8C2-20550B7F32E3}.Debug|x64.Build.0 = Debug|Any CPU
		{DBDB0DAA-B3AE-4CC4-A8C2-20550B7F32E3}.Debug|x86.ActiveCfg = Debug|Any CPU
		{DBDB0DAA-B3AE-4CC4-A8C2-20550B7F32E3}.Debug|x86.Build.0 = Debug|Any CPU
		{DBDB0DAA-B3AE-4CC4-A8C2-20550B7F32E3}.MicrosoftStore|Any CPU.ActiveCfg = MicrosoftStore|Any CPU
		{DBDB0DAA-B3AE-4CC4-A8C2-20550B7F32E3}.MicrosoftStore|Any CPU.Build.0 = MicrosoftStore|Any CPU
		{DBDB0DAA-B3AE-4CC4-A8C2-20550B7F32E3}.MicrosoftStore|x64.ActiveCfg = MicrosoftStore|Any CPU
		{DBDB0DAA-B3AE-4CC4-A8C2-20550B7F32E3}.MicrosoftStore|x64.Build.0 = MicrosoftStore|Any CPU
		{DBDB0DAA-B3AE-4CC4-A8C2-20550B7F32E3}.MicrosoftStore|x86.ActiveCfg = MicrosoftStore|Any CPU
		{DBDB0DAA-B3AE-4CC4-A8C2-20550B7F32E3}.MicrosoftStore|x86.Build.0 = MicrosoftStore|Any CPU
		{DBDB0DAA-B3AE-4CC4-A8C2-20550B7F32E3}.MicrosoftStoreDebug|Any CPU.ActiveCfg = MicrosoftStoreDebug|Any CPU
		{DBDB0DAA-B3AE-4CC4-A8C2-20550B7F32E3}.MicrosoftStoreDebug|Any CPU.Build.0 = MicrosoftStoreDebug|Any CPU
		{DBDB0DAA-B3AE-4CC4-A8C2-20550B7F32E3}.MicrosoftStoreDebug|x64.ActiveCfg = MicrosoftStoreDebug|Any CPU
		{DBDB0DAA-B3AE-4CC4-A8C2-20550B7F32E3}.MicrosoftStoreDebug|x64.Build.0 = MicrosoftStoreDebug|Any CPU
		{DBDB0DAA-B3AE-4CC4-A8C2-20550B7F32E3}.MicrosoftStoreDebug|x86.ActiveCfg = MicrosoftStoreDebug|Any CPU
		{DBDB0DAA-B3AE-4CC4-A8C2-20550B7F32E3}.MicrosoftStoreDebug|x86.Build.0 = MicrosoftStoreDebug|Any CPU
		{DBDB0DAA-B3AE-4CC4-A8C2-20550B7F32E3}.Release|Any CPU.ActiveCfg = Release|Any CPU
		{DBDB0DAA-B3AE-4CC4-A8C2-20550B7F32E3}.Release|Any CPU.Build.0 = Release|Any CPU
		{DBDB0DAA-B3AE-4CC4-A8C2-20550B7F32E3}.Release|x64.ActiveCfg = Release|Any CPU
		{DBDB0DAA-B3AE-4CC4-A8C2-20550B7F32E3}.Release|x64.Build.0 = Release|Any CPU
		{DBDB0DAA-B3AE-4CC4-A8C2-20550B7F32E3}.Release|x86.ActiveCfg = Release|Any CPU
		{DBDB0DAA-B3AE-4CC4-A8C2-20550B7F32E3}.Release|x86.Build.0 = Release|Any CPU
		{DBDB0DAA-B3AE-4CC4-A8C2-20550B7F32E3}.Steam|Any CPU.ActiveCfg = Steam|Any CPU
		{DBDB0DAA-B3AE-4CC4-A8C2-20550B7F32E3}.Steam|Any CPU.Build.0 = Steam|Any CPU
		{DBDB0DAA-B3AE-4CC4-A8C2-20550B7F32E3}.Steam|x64.ActiveCfg = Steam|Any CPU
		{DBDB0DAA-B3AE-4CC4-A8C2-20550B7F32E3}.Steam|x64.Build.0 = Steam|Any CPU
		{DBDB0DAA-B3AE-4CC4-A8C2-20550B7F32E3}.Steam|x86.ActiveCfg = Steam|Any CPU
		{DBDB0DAA-B3AE-4CC4-A8C2-20550B7F32E3}.Steam|x86.Build.0 = Steam|Any CPU
		{1A190E53-1419-4CC2-B0E5-3BC7EA861C8B}.Debug|Any CPU.ActiveCfg = Debug|Any CPU
		{1A190E53-1419-4CC2-B0E5-3BC7EA861C8B}.Debug|Any CPU.Build.0 = Debug|Any CPU
		{1A190E53-1419-4CC2-B0E5-3BC7EA861C8B}.Debug|x64.ActiveCfg = Debug|Any CPU
		{1A190E53-1419-4CC2-B0E5-3BC7EA861C8B}.Debug|x64.Build.0 = Debug|Any CPU
		{1A190E53-1419-4CC2-B0E5-3BC7EA861C8B}.Debug|x86.ActiveCfg = Debug|Any CPU
		{1A190E53-1419-4CC2-B0E5-3BC7EA861C8B}.Debug|x86.Build.0 = Debug|Any CPU
		{1A190E53-1419-4CC2-B0E5-3BC7EA861C8B}.MicrosoftStore|Any CPU.ActiveCfg = MicrosoftStore|Any CPU
		{1A190E53-1419-4CC2-B0E5-3BC7EA861C8B}.MicrosoftStore|Any CPU.Build.0 = MicrosoftStore|Any CPU
		{1A190E53-1419-4CC2-B0E5-3BC7EA861C8B}.MicrosoftStore|x64.ActiveCfg = MicrosoftStore|Any CPU
		{1A190E53-1419-4CC2-B0E5-3BC7EA861C8B}.MicrosoftStore|x64.Build.0 = MicrosoftStore|Any CPU
		{1A190E53-1419-4CC2-B0E5-3BC7EA861C8B}.MicrosoftStore|x86.ActiveCfg = MicrosoftStore|Any CPU
		{1A190E53-1419-4CC2-B0E5-3BC7EA861C8B}.MicrosoftStore|x86.Build.0 = MicrosoftStore|Any CPU
		{1A190E53-1419-4CC2-B0E5-3BC7EA861C8B}.MicrosoftStoreDebug|Any CPU.ActiveCfg = MicrosoftStoreDebug|Any CPU
		{1A190E53-1419-4CC2-B0E5-3BC7EA861C8B}.MicrosoftStoreDebug|Any CPU.Build.0 = MicrosoftStoreDebug|Any CPU
		{1A190E53-1419-4CC2-B0E5-3BC7EA861C8B}.MicrosoftStoreDebug|x64.ActiveCfg = MicrosoftStoreDebug|Any CPU
		{1A190E53-1419-4CC2-B0E5-3BC7EA861C8B}.MicrosoftStoreDebug|x64.Build.0 = MicrosoftStoreDebug|Any CPU
		{1A190E53-1419-4CC2-B0E5-3BC7EA861C8B}.MicrosoftStoreDebug|x86.ActiveCfg = MicrosoftStoreDebug|Any CPU
		{1A190E53-1419-4CC2-B0E5-3BC7EA861C8B}.MicrosoftStoreDebug|x86.Build.0 = MicrosoftStoreDebug|Any CPU
		{1A190E53-1419-4CC2-B0E5-3BC7EA861C8B}.Release|Any CPU.ActiveCfg = Release|Any CPU
		{1A190E53-1419-4CC2-B0E5-3BC7EA861C8B}.Release|Any CPU.Build.0 = Release|Any CPU
		{1A190E53-1419-4CC2-B0E5-3BC7EA861C8B}.Release|x64.ActiveCfg = Release|Any CPU
		{1A190E53-1419-4CC2-B0E5-3BC7EA861C8B}.Release|x64.Build.0 = Release|Any CPU
		{1A190E53-1419-4CC2-B0E5-3BC7EA861C8B}.Release|x86.ActiveCfg = Release|Any CPU
		{1A190E53-1419-4CC2-B0E5-3BC7EA861C8B}.Release|x86.Build.0 = Release|Any CPU
		{1A190E53-1419-4CC2-B0E5-3BC7EA861C8B}.Steam|Any CPU.ActiveCfg = Steam|Any CPU
		{1A190E53-1419-4CC2-B0E5-3BC7EA861C8B}.Steam|Any CPU.Build.0 = Steam|Any CPU
		{1A190E53-1419-4CC2-B0E5-3BC7EA861C8B}.Steam|x64.ActiveCfg = Steam|Any CPU
		{1A190E53-1419-4CC2-B0E5-3BC7EA861C8B}.Steam|x64.Build.0 = Steam|Any CPU
		{1A190E53-1419-4CC2-B0E5-3BC7EA861C8B}.Steam|x86.ActiveCfg = Steam|Any CPU
		{1A190E53-1419-4CC2-B0E5-3BC7EA861C8B}.Steam|x86.Build.0 = Steam|Any CPU
	EndGlobalSection
	GlobalSection(SolutionProperties) = preSolution
		HideSolutionNode = FALSE
	EndGlobalSection
	GlobalSection(ExtensibilityGlobals) = postSolution
		SolutionGuid = {C15EBF06-C6D6-42F0-A689-D5DB393F4997}
	EndGlobalSection
EndGlobal
